// !$*UTF8*$!
{
	archiveVersion = 1;
	classes = {
	};
	objectVersion = 46;
	objects = {

/* Begin PBXBuildFile section */
		65355E7F1B318BB300A0B96B /* NXStompClient.h in Headers */ = {isa = PBXBuildFile; fileRef = 65355E7D1B318BB300A0B96B /* NXStompClient.h */; settings = {ATTRIBUTES = (Public, ); }; };
		65355E801B318BB300A0B96B /* NXStompClient.m in Sources */ = {isa = PBXBuildFile; fileRef = 65355E7E1B318BB300A0B96B /* NXStompClient.m */; };
		65355E8A1B31A0DA00A0B96B /* SRWebSocket.m in Sources */ = {isa = PBXBuildFile; fileRef = 65355E891B31A0DA00A0B96B /* SRWebSocket.m */; };
		65355E8C1B31A17600A0B96B /* libicucore.dylib in Frameworks */ = {isa = PBXBuildFile; fileRef = 65355E8B1B31A17600A0B96B /* libicucore.dylib */; };
		65355EA41B31B19700A0B96B /* NXStompFrame.h in Headers */ = {isa = PBXBuildFile; fileRef = 65355EA01B31B19700A0B96B /* NXStompFrame.h */; };
		65355EA51B31B19700A0B96B /* NXStompFrame.m in Sources */ = {isa = PBXBuildFile; fileRef = 65355EA11B31B19700A0B96B /* NXStompFrame.m */; };
		65355EAB1B31B1AB00A0B96B /* NXStompAbstractTransport.h in Headers */ = {isa = PBXBuildFile; fileRef = 65355EA71B31B1AB00A0B96B /* NXStompAbstractTransport.h */; settings = {ATTRIBUTES = (Public, ); }; };
		65355EAC1B31B1AB00A0B96B /* NXStompAbstractTransport.m in Sources */ = {isa = PBXBuildFile; fileRef = 65355EA81B31B1AB00A0B96B /* NXStompAbstractTransport.m */; };
		65355EAD1B31B1AB00A0B96B /* NXStompSocketRocketTransport.h in Headers */ = {isa = PBXBuildFile; fileRef = 65355EA91B31B1AB00A0B96B /* NXStompSocketRocketTransport.h */; settings = {ATTRIBUTES = (Public, ); }; };
		65355EAE1B31B1AB00A0B96B /* NXStompSocketRocketTransport.m in Sources */ = {isa = PBXBuildFile; fileRef = 65355EAA1B31B1AB00A0B96B /* NXStompSocketRocketTransport.m */; };
		65C91ED21B318ADB000EA301 /* Stompy.h in Headers */ = {isa = PBXBuildFile; fileRef = 65C91ED11B318ADB000EA301 /* Stompy.h */; settings = {ATTRIBUTES = (Public, ); }; };
		65C91ED81B318ADB000EA301 /* Stompy.framework in Frameworks */ = {isa = PBXBuildFile; fileRef = 65C91ECC1B318ADB000EA301 /* Stompy.framework */; };
		65C91EDF1B318ADB000EA301 /* StompyTests.m in Sources */ = {isa = PBXBuildFile; fileRef = 65C91EDE1B318ADB000EA301 /* StompyTests.m */; };
		AAC004B21B34720D0057FC03 /* NXStompSubscription.h in Headers */ = {isa = PBXBuildFile; fileRef = AAC004B01B34720D0057FC03 /* NXStompSubscription.h */; };
		AAC004B31B34720D0057FC03 /* NXStompSubscription.m in Sources */ = {isa = PBXBuildFile; fileRef = AAC004B11B34720D0057FC03 /* NXStompSubscription.m */; };
/* End PBXBuildFile section */

/* Begin PBXContainerItemProxy section */
		65C91ED91B318ADB000EA301 /* PBXContainerItemProxy */ = {
			isa = PBXContainerItemProxy;
			containerPortal = 65C91EC31B318ADB000EA301 /* Project object */;
			proxyType = 1;
			remoteGlobalIDString = 65C91ECB1B318ADB000EA301;
			remoteInfo = Stompy;
		};
/* End PBXContainerItemProxy section */

/* Begin PBXFileReference section */
		65355E7D1B318BB300A0B96B /* NXStompClient.h */ = {isa = PBXFileReference; fileEncoding = 4; lastKnownFileType = sourcecode.c.h; path = NXStompClient.h; sourceTree = "<group>"; };
		65355E7E1B318BB300A0B96B /* NXStompClient.m */ = {isa = PBXFileReference; fileEncoding = 4; lastKnownFileType = sourcecode.c.objc; path = NXStompClient.m; sourceTree = "<group>"; };
		65355E871B31A0C400A0B96B /* SRWebSocket.h */ = {isa = PBXFileReference; fileEncoding = 4; lastKnownFileType = sourcecode.c.h; path = SRWebSocket.h; sourceTree = "<group>"; };
		65355E891B31A0DA00A0B96B /* SRWebSocket.m */ = {isa = PBXFileReference; fileEncoding = 4; lastKnownFileType = sourcecode.c.objc; path = SRWebSocket.m; sourceTree = "<group>"; };
		65355E8B1B31A17600A0B96B /* libicucore.dylib */ = {isa = PBXFileReference; lastKnownFileType = "compiled.mach-o.dylib"; name = libicucore.dylib; path = usr/lib/libicucore.dylib; sourceTree = SDKROOT; };
		65355EA01B31B19700A0B96B /* NXStompFrame.h */ = {isa = PBXFileReference; fileEncoding = 4; lastKnownFileType = sourcecode.c.h; path = NXStompFrame.h; sourceTree = "<group>"; };
		65355EA11B31B19700A0B96B /* NXStompFrame.m */ = {isa = PBXFileReference; fileEncoding = 4; lastKnownFileType = sourcecode.c.objc; path = NXStompFrame.m; sourceTree = "<group>"; };
		65355EA71B31B1AB00A0B96B /* NXStompAbstractTransport.h */ = {isa = PBXFileReference; fileEncoding = 4; lastKnownFileType = sourcecode.c.h; path = NXStompAbstractTransport.h; sourceTree = "<group>"; };
		65355EA81B31B1AB00A0B96B /* NXStompAbstractTransport.m */ = {isa = PBXFileReference; fileEncoding = 4; lastKnownFileType = sourcecode.c.objc; path = NXStompAbstractTransport.m; sourceTree = "<group>"; };
		65355EA91B31B1AB00A0B96B /* NXStompSocketRocketTransport.h */ = {isa = PBXFileReference; fileEncoding = 4; lastKnownFileType = sourcecode.c.h; path = NXStompSocketRocketTransport.h; sourceTree = "<group>"; };
		65355EAA1B31B1AB00A0B96B /* NXStompSocketRocketTransport.m */ = {isa = PBXFileReference; fileEncoding = 4; lastKnownFileType = sourcecode.c.objc; path = NXStompSocketRocketTransport.m; sourceTree = "<group>"; };
		65C91ECC1B318ADB000EA301 /* Stompy.framework */ = {isa = PBXFileReference; explicitFileType = wrapper.framework; includeInIndex = 0; path = Stompy.framework; sourceTree = BUILT_PRODUCTS_DIR; };
		65C91ED01B318ADB000EA301 /* Info.plist */ = {isa = PBXFileReference; lastKnownFileType = text.plist.xml; path = Info.plist; sourceTree = "<group>"; };
		65C91ED11B318ADB000EA301 /* Stompy.h */ = {isa = PBXFileReference; lastKnownFileType = sourcecode.c.h; path = Stompy.h; sourceTree = "<group>"; };
		65C91ED71B318ADB000EA301 /* StompyTests.xctest */ = {isa = PBXFileReference; explicitFileType = wrapper.cfbundle; includeInIndex = 0; path = StompyTests.xctest; sourceTree = BUILT_PRODUCTS_DIR; };
		65C91EDD1B318ADB000EA301 /* Info.plist */ = {isa = PBXFileReference; lastKnownFileType = text.plist.xml; path = Info.plist; sourceTree = "<group>"; };
		65C91EDE1B318ADB000EA301 /* StompyTests.m */ = {isa = PBXFileReference; lastKnownFileType = sourcecode.c.objc; path = StompyTests.m; sourceTree = "<group>"; };
		AAC004B01B34720D0057FC03 /* NXStompSubscription.h */ = {isa = PBXFileReference; fileEncoding = 4; lastKnownFileType = sourcecode.c.h; path = NXStompSubscription.h; sourceTree = "<group>"; };
		AAC004B11B34720D0057FC03 /* NXStompSubscription.m */ = {isa = PBXFileReference; fileEncoding = 4; lastKnownFileType = sourcecode.c.objc; path = NXStompSubscription.m; sourceTree = "<group>"; };
/* End PBXFileReference section */

/* Begin PBXFrameworksBuildPhase section */
		65C91EC81B318ADB000EA301 /* Frameworks */ = {
			isa = PBXFrameworksBuildPhase;
			buildActionMask = 2147483647;
			files = (
				65355E8C1B31A17600A0B96B /* libicucore.dylib in Frameworks */,
			);
			runOnlyForDeploymentPostprocessing = 0;
		};
		65C91ED41B318ADB000EA301 /* Frameworks */ = {
			isa = PBXFrameworksBuildPhase;
			buildActionMask = 2147483647;
			files = (
				65C91ED81B318ADB000EA301 /* Stompy.framework in Frameworks */,
			);
			runOnlyForDeploymentPostprocessing = 0;
		};
/* End PBXFrameworksBuildPhase section */

/* Begin PBXGroup section */
		65355E851B31A0AE00A0B96B /* Third Party */ = {
			isa = PBXGroup;
			children = (
				65355E861B31A0B400A0B96B /* SocketRocket */,
			);
			name = "Third Party";
			sourceTree = "<group>";
		};
		65355E861B31A0B400A0B96B /* SocketRocket */ = {
			isa = PBXGroup;
			children = (
				65355E8B1B31A17600A0B96B /* libicucore.dylib */,
				65355E871B31A0C400A0B96B /* SRWebSocket.h */,
				65355E891B31A0DA00A0B96B /* SRWebSocket.m */,
			);
			name = SocketRocket;
			sourceTree = "<group>";
		};
		65355E9D1B31B19700A0B96B /* Frames */ = {
			isa = PBXGroup;
			children = (
				65355EA01B31B19700A0B96B /* NXStompFrame.h */,
				65355EA11B31B19700A0B96B /* NXStompFrame.m */,
			);
			path = Frames;
			sourceTree = "<group>";
		};
		65355EA61B31B1AB00A0B96B /* Transport */ = {
			isa = PBXGroup;
			children = (
				65355EA71B31B1AB00A0B96B /* NXStompAbstractTransport.h */,
				65355EA81B31B1AB00A0B96B /* NXStompAbstractTransport.m */,
				65355EA91B31B1AB00A0B96B /* NXStompSocketRocketTransport.h */,
				65355EAA1B31B1AB00A0B96B /* NXStompSocketRocketTransport.m */,
			);
			path = Transport;
			sourceTree = "<group>";
		};
		65C91EC21B318ADB000EA301 = {
			isa = PBXGroup;
			children = (
				65C91ECE1B318ADB000EA301 /* Stompy */,
				65C91EDB1B318ADB000EA301 /* StompyTests */,
				65C91ECD1B318ADB000EA301 /* Products */,
			);
			sourceTree = "<group>";
		};
		65C91ECD1B318ADB000EA301 /* Products */ = {
			isa = PBXGroup;
			children = (
				65C91ECC1B318ADB000EA301 /* Stompy.framework */,
				65C91ED71B318ADB000EA301 /* StompyTests.xctest */,
			);
			name = Products;
			sourceTree = "<group>";
		};
		65C91ECE1B318ADB000EA301 /* Stompy */ = {
			isa = PBXGroup;
			children = (
				65355E851B31A0AE00A0B96B /* Third Party */,
				65355EA61B31B1AB00A0B96B /* Transport */,
				65355E9D1B31B19700A0B96B /* Frames */,
				65C91ED11B318ADB000EA301 /* Stompy.h */,
				65355E7D1B318BB300A0B96B /* NXStompClient.h */,
				65355E7E1B318BB300A0B96B /* NXStompClient.m */,
				AAC004B01B34720D0057FC03 /* NXStompSubscription.h */,
				AAC004B11B34720D0057FC03 /* NXStompSubscription.m */,
				65C91ECF1B318ADB000EA301 /* Supporting Files */,
			);
			path = Stompy;
			sourceTree = "<group>";
		};
		65C91ECF1B318ADB000EA301 /* Supporting Files */ = {
			isa = PBXGroup;
			children = (
				65C91ED01B318ADB000EA301 /* Info.plist */,
			);
			name = "Supporting Files";
			sourceTree = "<group>";
		};
		65C91EDB1B318ADB000EA301 /* StompyTests */ = {
			isa = PBXGroup;
			children = (
				65C91EDE1B318ADB000EA301 /* StompyTests.m */,
				65C91EDC1B318ADB000EA301 /* Supporting Files */,
			);
			path = StompyTests;
			sourceTree = "<group>";
		};
		65C91EDC1B318ADB000EA301 /* Supporting Files */ = {
			isa = PBXGroup;
			children = (
				65C91EDD1B318ADB000EA301 /* Info.plist */,
			);
			name = "Supporting Files";
			sourceTree = "<group>";
		};
/* End PBXGroup section */

/* Begin PBXHeadersBuildPhase section */
		65C91EC91B318ADB000EA301 /* Headers */ = {
			isa = PBXHeadersBuildPhase;
			buildActionMask = 2147483647;
			files = (
				65355E7F1B318BB300A0B96B /* NXStompClient.h in Headers */,
				AAC004B21B34720D0057FC03 /* NXStompSubscription.h in Headers */,
				65C91ED21B318ADB000EA301 /* Stompy.h in Headers */,
				65355EAB1B31B1AB00A0B96B /* NXStompAbstractTransport.h in Headers */,
				65355EAD1B31B1AB00A0B96B /* NXStompSocketRocketTransport.h in Headers */,
				65355EA41B31B19700A0B96B /* NXStompFrame.h in Headers */,
			);
			runOnlyForDeploymentPostprocessing = 0;
		};
/* End PBXHeadersBuildPhase section */

/* Begin PBXNativeTarget section */
		65C91ECB1B318ADB000EA301 /* Stompy */ = {
			isa = PBXNativeTarget;
			buildConfigurationList = 65C91EE21B318ADB000EA301 /* Build configuration list for PBXNativeTarget "Stompy" */;
			buildPhases = (
				65C91EC71B318ADB000EA301 /* Sources */,
				65C91EC81B318ADB000EA301 /* Frameworks */,
				65C91EC91B318ADB000EA301 /* Headers */,
				65C91ECA1B318ADB000EA301 /* Resources */,
			);
			buildRules = (
			);
			dependencies = (
			);
			name = Stompy;
			productName = Stompy;
			productReference = 65C91ECC1B318ADB000EA301 /* Stompy.framework */;
			productType = "com.apple.product-type.framework";
		};
		65C91ED61B318ADB000EA301 /* StompyTests */ = {
			isa = PBXNativeTarget;
			buildConfigurationList = 65C91EE51B318ADB000EA301 /* Build configuration list for PBXNativeTarget "StompyTests" */;
			buildPhases = (
				65C91ED31B318ADB000EA301 /* Sources */,
				65C91ED41B318ADB000EA301 /* Frameworks */,
				65C91ED51B318ADB000EA301 /* Resources */,
			);
			buildRules = (
			);
			dependencies = (
				65C91EDA1B318ADB000EA301 /* PBXTargetDependency */,
			);
			name = StompyTests;
			productName = StompyTests;
			productReference = 65C91ED71B318ADB000EA301 /* StompyTests.xctest */;
			productType = "com.apple.product-type.bundle.unit-test";
		};
/* End PBXNativeTarget section */

/* Begin PBXProject section */
		65C91EC31B318ADB000EA301 /* Project object */ = {
			isa = PBXProject;
			attributes = {
				LastUpgradeCheck = 0630;
				ORGANIZATIONNAME = "Steve Wilford";
				TargetAttributes = {
					65C91ECB1B318ADB000EA301 = {
						CreatedOnToolsVersion = 6.3.2;
					};
					65C91ED61B318ADB000EA301 = {
						CreatedOnToolsVersion = 6.3.2;
					};
				};
			};
			buildConfigurationList = 65C91EC61B318ADB000EA301 /* Build configuration list for PBXProject "Stompy" */;
			compatibilityVersion = "Xcode 3.2";
			developmentRegion = English;
			hasScannedForEncodings = 0;
			knownRegions = (
				en,
			);
			mainGroup = 65C91EC21B318ADB000EA301;
			productRefGroup = 65C91ECD1B318ADB000EA301 /* Products */;
			projectDirPath = "";
			projectRoot = "";
			targets = (
				65C91ECB1B318ADB000EA301 /* Stompy */,
				65C91ED61B318ADB000EA301 /* StompyTests */,
			);
		};
/* End PBXProject section */

/* Begin PBXResourcesBuildPhase section */
		65C91ECA1B318ADB000EA301 /* Resources */ = {
			isa = PBXResourcesBuildPhase;
			buildActionMask = 2147483647;
			files = (
			);
			runOnlyForDeploymentPostprocessing = 0;
		};
		65C91ED51B318ADB000EA301 /* Resources */ = {
			isa = PBXResourcesBuildPhase;
			buildActionMask = 2147483647;
			files = (
			);
			runOnlyForDeploymentPostprocessing = 0;
		};
/* End PBXResourcesBuildPhase section */

/* Begin PBXSourcesBuildPhase section */
		65C91EC71B318ADB000EA301 /* Sources */ = {
			isa = PBXSourcesBuildPhase;
			buildActionMask = 2147483647;
			files = (
				65355EA51B31B19700A0B96B /* NXStompFrame.m in Sources */,
				65355EAC1B31B1AB00A0B96B /* NXStompAbstractTransport.m in Sources */,
				65355E801B318BB300A0B96B /* NXStompClient.m in Sources */,
				AAC004B31B34720D0057FC03 /* NXStompSubscription.m in Sources */,
				65355EAE1B31B1AB00A0B96B /* NXStompSocketRocketTransport.m in Sources */,
				65355E8A1B31A0DA00A0B96B /* SRWebSocket.m in Sources */,
			);
			runOnlyForDeploymentPostprocessing = 0;
		};
		65C91ED31B318ADB000EA301 /* Sources */ = {
			isa = PBXSourcesBuildPhase;
			buildActionMask = 2147483647;
			files = (
				65C91EDF1B318ADB000EA301 /* StompyTests.m in Sources */,
			);
			runOnlyForDeploymentPostprocessing = 0;
		};
/* End PBXSourcesBuildPhase section */

/* Begin PBXTargetDependency section */
		65C91EDA1B318ADB000EA301 /* PBXTargetDependency */ = {
			isa = PBXTargetDependency;
			target = 65C91ECB1B318ADB000EA301 /* Stompy */;
			targetProxy = 65C91ED91B318ADB000EA301 /* PBXContainerItemProxy */;
		};
/* End PBXTargetDependency section */

/* Begin XCBuildConfiguration section */
		65C91EE01B318ADB000EA301 /* Debug */ = {
			isa = XCBuildConfiguration;
			buildSettings = {
				ALWAYS_SEARCH_USER_PATHS = NO;
				CLANG_CXX_LANGUAGE_STANDARD = "gnu++0x";
				CLANG_CXX_LIBRARY = "libc++";
				CLANG_ENABLE_MODULES = YES;
				CLANG_ENABLE_OBJC_ARC = YES;
				CLANG_WARN_BOOL_CONVERSION = YES;
				CLANG_WARN_CONSTANT_CONVERSION = YES;
				CLANG_WARN_DIRECT_OBJC_ISA_USAGE = YES_ERROR;
				CLANG_WARN_EMPTY_BODY = YES;
				CLANG_WARN_ENUM_CONVERSION = YES;
				CLANG_WARN_INT_CONVERSION = YES;
				CLANG_WARN_OBJC_ROOT_CLASS = YES_ERROR;
				CLANG_WARN_UNREACHABLE_CODE = YES;
				CLANG_WARN__DUPLICATE_METHOD_MATCH = YES;
				"CODE_SIGN_IDENTITY[sdk=iphoneos*]" = "iPhone Developer";
				COPY_PHASE_STRIP = NO;
				CURRENT_PROJECT_VERSION = 1;
				DEBUG_INFORMATION_FORMAT = "dwarf-with-dsym";
				ENABLE_STRICT_OBJC_MSGSEND = YES;
				GCC_C_LANGUAGE_STANDARD = gnu99;
				GCC_DYNAMIC_NO_PIC = NO;
				GCC_NO_COMMON_BLOCKS = YES;
				GCC_OPTIMIZATION_LEVEL = 0;
				GCC_PREPROCESSOR_DEFINITIONS = (
					"DEBUG=1",
					"$(inherited)",
				);
				GCC_SYMBOLS_PRIVATE_EXTERN = NO;
				GCC_WARN_64_TO_32_BIT_CONVERSION = YES;
				GCC_WARN_ABOUT_RETURN_TYPE = YES_ERROR;
				GCC_WARN_UNDECLARED_SELECTOR = YES;
				GCC_WARN_UNINITIALIZED_AUTOS = YES_AGGRESSIVE;
				GCC_WARN_UNUSED_FUNCTION = YES;
				GCC_WARN_UNUSED_VARIABLE = YES;
				IPHONEOS_DEPLOYMENT_TARGET = 8.0;
				MTL_ENABLE_DEBUG_INFO = YES;
				ONLY_ACTIVE_ARCH = YES;
				SDKROOT = iphoneos;
				TARGETED_DEVICE_FAMILY = "1,2";
				VERSIONING_SYSTEM = "apple-generic";
				VERSION_INFO_PREFIX = "";
			};
			name = Debug;
		};
		65C91EE11B318ADB000EA301 /* Release */ = {
			isa = XCBuildConfiguration;
			buildSettings = {
				ALWAYS_SEARCH_USER_PATHS = NO;
				CLANG_CXX_LANGUAGE_STANDARD = "gnu++0x";
				CLANG_CXX_LIBRARY = "libc++";
				CLANG_ENABLE_MODULES = YES;
				CLANG_ENABLE_OBJC_ARC = YES;
				CLANG_WARN_BOOL_CONVERSION = YES;
				CLANG_WARN_CONSTANT_CONVERSION = YES;
				CLANG_WARN_DIRECT_OBJC_ISA_USAGE = YES_ERROR;
				CLANG_WARN_EMPTY_BODY = YES;
				CLANG_WARN_ENUM_CONVERSION = YES;
				CLANG_WARN_INT_CONVERSION = YES;
				CLANG_WARN_OBJC_ROOT_CLASS = YES_ERROR;
				CLANG_WARN_UNREACHABLE_CODE = YES;
				CLANG_WARN__DUPLICATE_METHOD_MATCH = YES;
				"CODE_SIGN_IDENTITY[sdk=iphoneos*]" = "iPhone Developer";
				COPY_PHASE_STRIP = NO;
				CURRENT_PROJECT_VERSION = 1;
				DEBUG_INFORMATION_FORMAT = "dwarf-with-dsym";
				ENABLE_NS_ASSERTIONS = NO;
				ENABLE_STRICT_OBJC_MSGSEND = YES;
				GCC_C_LANGUAGE_STANDARD = gnu99;
				GCC_NO_COMMON_BLOCKS = YES;
				GCC_WARN_64_TO_32_BIT_CONVERSION = YES;
				GCC_WARN_ABOUT_RETURN_TYPE = YES_ERROR;
				GCC_WARN_UNDECLARED_SELECTOR = YES;
				GCC_WARN_UNINITIALIZED_AUTOS = YES_AGGRESSIVE;
				GCC_WARN_UNUSED_FUNCTION = YES;
				GCC_WARN_UNUSED_VARIABLE = YES;
				IPHONEOS_DEPLOYMENT_TARGET = 8.0;
				MTL_ENABLE_DEBUG_INFO = NO;
				SDKROOT = iphoneos;
				TARGETED_DEVICE_FAMILY = "1,2";
				VALIDATE_PRODUCT = YES;
				VERSIONING_SYSTEM = "apple-generic";
				VERSION_INFO_PREFIX = "";
			};
			name = Release;
		};
		65C91EE31B318ADB000EA301 /* Debug */ = {
			isa = XCBuildConfiguration;
			buildSettings = {
				DEFINES_MODULE = YES;
				DYLIB_COMPATIBILITY_VERSION = 1;
				DYLIB_CURRENT_VERSION = 1;
				DYLIB_INSTALL_NAME_BASE = "@rpath";
				INFOPLIST_FILE = Stompy/Info.plist;
				INSTALL_PATH = "$(LOCAL_LIBRARY_DIR)/Frameworks";
				LD_RUNPATH_SEARCH_PATHS = "$(inherited) @executable_path/Frameworks @loader_path/Frameworks";
				PRODUCT_NAME = "$(TARGET_NAME)";
				SKIP_INSTALL = YES;
			};
			name = Debug;
		};
		65C91EE41B318ADB000EA301 /* Release */ = {
			isa = XCBuildConfiguration;
			buildSettings = {
				DEFINES_MODULE = YES;
				DYLIB_COMPATIBILITY_VERSION = 1;
				DYLIB_CURRENT_VERSION = 1;
				DYLIB_INSTALL_NAME_BASE = "@rpath";
				INFOPLIST_FILE = Stompy/Info.plist;
				INSTALL_PATH = "$(LOCAL_LIBRARY_DIR)/Frameworks";
				LD_RUNPATH_SEARCH_PATHS = "$(inherited) @executable_path/Frameworks @loader_path/Frameworks";
				PRODUCT_NAME = "$(TARGET_NAME)";
				SKIP_INSTALL = YES;
			};
			name = Release;
		};
		65C91EE61B318ADB000EA301 /* Debug */ = {
			isa = XCBuildConfiguration;
			buildSettings = {
				FRAMEWORK_SEARCH_PATHS = (
					"$(SDKROOT)/Developer/Library/Frameworks",
					"$(inherited)",
				);
				GCC_PREPROCESSOR_DEFINITIONS = (
					"DEBUG=1",
					"$(inherited)",
				);
				INFOPLIST_FILE = StompyTests/Info.plist;
				LD_RUNPATH_SEARCH_PATHS = "$(inherited) @executable_path/Frameworks @loader_path/Frameworks";
				PRODUCT_NAME = "$(TARGET_NAME)";
			};
			name = Debug;
		};
		65C91EE71B318ADB000EA301 /* Release */ = {
			isa = XCBuildConfiguration;
			buildSettings = {
				FRAMEWORK_SEARCH_PATHS = (
					"$(SDKROOT)/Developer/Library/Frameworks",
					"$(inherited)",
				);
				INFOPLIST_FILE = StompyTests/Info.plist;
				LD_RUNPATH_SEARCH_PATHS = "$(inherited) @executable_path/Frameworks @loader_path/Frameworks";
				PRODUCT_NAME = "$(TARGET_NAME)";
			};
			name = Release;
		};
/* End XCBuildConfiguration section */

/* Begin XCConfigurationList section */
		65C91EC61B318ADB000EA301 /* Build configuration list for PBXProject "Stompy" */ = {
			isa = XCConfigurationList;
			buildConfigurations = (
				65C91EE01B318ADB000EA301 /* Debug */,
				65C91EE11B318ADB000EA301 /* Release */,
			);
			defaultConfigurationIsVisible = 0;
			defaultConfigurationName = Release;
		};
		65C91EE21B318ADB000EA301 /* Build configuration list for PBXNativeTarget "Stompy" */ = {
			isa = XCConfigurationList;
			buildConfigurations = (
				65C91EE31B318ADB000EA301 /* Debug */,
				65C91EE41B318ADB000EA301 /* Release */,
			);
			defaultConfigurationIsVisible = 0;
			defaultConfigurationName = Release;
		};
		65C91EE51B318ADB000EA301 /* Build configuration list for PBXNativeTarget "StompyTests" */ = {
			isa = XCConfigurationList;
			buildConfigurations = (
				65C91EE61B318ADB000EA301 /* Debug */,
				65C91EE71B318ADB000EA301 /* Release */,
			);
			defaultConfigurationIsVisible = 0;
			defaultConfigurationName = Release;
		};
/* End XCConfigurationList section */
	};
	rootObject = 65C91EC31B318ADB000EA301 /* Project object */;
}
